
Microsoft Visual Studio Solution File, Format Version 12.00
# Visual Studio 15
VisualStudioVersion = 15.0.27703.2042
MinimumVisualStudioVersion = 10.0.40219.1
Project("{FAE04EC0-301F-11D3-BF4B-00C04F79EFBC}") = "PansiyonTransilvaniye", "PansiyonTransilvaniye\PansiyonTransilvaniye.csproj", "{B23D6B16-E7AE-483B-A1F5-11DE4C4143B6}"
EndProject
Global
	GlobalSection(SolutionConfigurationPlatforms) = preSolution
		Debug|Any CPU = Debug|Any CPU
		Release|Any CPU = Release|Any CPU
	EndGlobalSection
	GlobalSection(ProjectConfigurationPlatforms) = postSolution
		{B23D6B16-E7AE-483B-A1F5-11DE4C4143B6}.Debug|Any CPU.ActiveCfg = Debug|Any CPU
		{B23D6B16-E7AE-483B-A1F5-11DE4C4143B6}.Debug|Any CPU.Build.0 = Debug|Any CPU
		{B23D6B16-E7AE-483B-A1F5-11DE4C4143B6}.Release|Any CPU.ActiveCfg = Release|Any CPU
		{B23D6B16-E7AE-483B-A1F5-11DE4C4143B6}.Release|Any CPU.Build.0 = Release|Any CPU
	EndGlobalSection
	GlobalSection(SolutionProperties) = preSolution
		HideSolutionNode = FALSE
	EndGlobalSection
	GlobalSection(ExtensibilityGlobals) = postSolution
		SolutionGuid = {F054EAC5-6697-4021-B9D1-A0B632DC62C9}
	EndGlobalSection
EndGlobal
